
Microsoft Visual Studio Solution File, Format Version 12.00
# Visual Studio Version 17
VisualStudioVersion = 17.5.002.0
MinimumVisualStudioVersion = 10.0.40219.1
Project("{9A19103F-16F7-4668-BE54-9A1E7A4F7556}") = "web-app-usuario", "web-app-usuario.csproj", "{C7F0F44C-6D7E-40E8-9C97-E83D31E4499B}"
EndProject
Global
	GlobalSection(SolutionConfigurationPlatforms) = preSolution
		Debug|Any CPU = Debug|Any CPU
		Release|Any CPU = Release|Any CPU
	EndGlobalSection
	GlobalSection(ProjectConfigurationPlatforms) = postSolution
		{C7F0F44C-6D7E-40E8-9C97-E83D31E4499B}.Debug|Any CPU.ActiveCfg = Debug|Any CPU
		{C7F0F44C-6D7E-40E8-9C97-E83D31E4499B}.Debug|Any CPU.Build.0 = Debug|Any CPU
		{C7F0F44C-6D7E-40E8-9C97-E83D31E4499B}.Release|Any CPU.ActiveCfg = Release|Any CPU
		{C7F0F44C-6D7E-40E8-9C97-E83D31E4499B}.Release|Any CPU.Build.0 = Release|Any CPU
	EndGlobalSection
	GlobalSection(SolutionProperties) = preSolution
		HideSolutionNode = FALSE
	EndGlobalSection
	GlobalSection(ExtensibilityGlobals) = postSolution
		SolutionGuid = {639E6D11-E435-44B1-95C7-9E32928A591E}
	EndGlobalSection
EndGlobal
